
Microsoft Visual Studio Solution File, Format Version 12.00
# Visual Studio Version 17
VisualStudioVersion = 17.7.34202.233
MinimumVisualStudioVersion = 10.0.40219.1
Project("{FAE04EC0-301F-11D3-BF4B-00C04F79EFBC}") = "SGEscolar", "SGEscolar\SGEscolar.csproj", "{0CDE5ACC-29E7-4C73-BABE-202E78B17A86}"
EndProject
Project("{2150E333-8FDC-42A3-9474-1A3956D46DE8}") = "Solution Items", "Solution Items", "{39AA2837-3551-4FEE-80B6-4AC6B6D15E80}"
	ProjectSection(SolutionItems) = preProject
		.editorconfig = .editorconfig
	EndProjectSection
EndProject
Global
	GlobalSection(SolutionConfigurationPlatforms) = preSolution
		Debug|Any CPU = Debug|Any CPU
		Release|Any CPU = Release|Any CPU
	EndGlobalSection
	GlobalSection(ProjectConfigurationPlatforms) = postSolution
		{0CDE5ACC-29E7-4C73-BABE-202E78B17A86}.Debug|Any CPU.ActiveCfg = Debug|Any CPU
		{0CDE5ACC-29E7-4C73-BABE-202E78B17A86}.Debug|Any CPU.Build.0 = Debug|Any CPU
		{0CDE5ACC-29E7-4C73-BABE-202E78B17A86}.Release|Any CPU.ActiveCfg = Release|Any CPU
		{0CDE5ACC-29E7-4C73-BABE-202E78B17A86}.Release|Any CPU.Build.0 = Release|Any CPU
	EndGlobalSection
	GlobalSection(SolutionProperties) = preSolution
		HideSolutionNode = FALSE
	EndGlobalSection
	GlobalSection(ExtensibilityGlobals) = postSolution
		SolutionGuid = {47AF593B-D73D-49E0-8277-566092CE56ED}
	EndGlobalSection
EndGlobal
